version = 1
revision = 3
requires-python = ">=3.12"

[[package]]
name = "fallout-tests"
version = "0.1.0"
source = { virtual = "." }
dependencies = [
    { name = "ruff" },
    { name = "ty" },
]

[package.metadata]
requires-dist = [
    { name = "ruff", specifier = ">=0.12.5" },
    { name = "ty", specifier = ">=0.0.1a1" },
]

[[package]]
name = "ruff"
version = "0.12.5"
source = { registry = "https://pypi.org/simple" }
sdist = { url = "https://files.pythonhosted.org/packages/30/cd/01015eb5034605fd98d829c5839ec2c6b4582b479707f7c1c2af861e8258/ruff-0.12.5.tar.gz", hash = "sha256:b209db6102b66f13625940b7f8c7d0f18e20039bb7f6101fbdac935c9612057e", size = 5170722, upload-time = "2025-07-24T13:26:37.456Z" }
wheels = [
    { url = "https://files.pythonhosted.org/packages/d4/de/ad2f68f0798ff15dd8c0bcc2889558970d9a685b3249565a937cd820ad34/ruff-0.12.5-py3-none-linux_armv6l.whl", hash = "sha256:1de2c887e9dec6cb31fcb9948299de5b2db38144e66403b9660c9548a67abd92", size = 11819133, upload-time = "2025-07-24T13:25:56.369Z" },
    { url = "https://files.pythonhosted.org/packages/f8/fc/c6b65cd0e7fbe60f17e7ad619dca796aa49fbca34bb9bea5f8faf1ec2643/ruff-0.12.5-py3-none-macosx_10_12_x86_64.whl", hash = "sha256:d1ab65e7d8152f519e7dea4de892317c9da7a108da1c56b6a3c1d5e7cf4c5e9a", size = 12501114, upload-time = "2025-07-24T13:25:59.471Z" },
    { url = "https://files.pythonhosted.org/packages/c5/de/c6bec1dce5ead9f9e6a946ea15e8d698c35f19edc508289d70a577921b30/ruff-0.12.5-py3-none-macosx_11_0_arm64.whl", hash = "sha256:962775ed5b27c7aa3fdc0d8f4d4433deae7659ef99ea20f783d666e77338b8cf", size = 11716873, upload-time = "2025-07-24T13:26:01.496Z" },
    { url = "https://files.pythonhosted.org/packages/a1/16/cf372d2ebe91e4eb5b82a2275c3acfa879e0566a7ac94d331ea37b765ac8/ruff-0.12.5-py3-none-manylinux_2_17_aarch64.manylinux2014_aarch64.whl", hash = "sha256:73b4cae449597e7195a49eb1cdca89fd9fbb16140c7579899e87f4c85bf82f73", size = 11958829, upload-time = "2025-07-24T13:26:03.721Z" },
    { url = "https://files.pythonhosted.org/packages/25/bf/cd07e8f6a3a6ec746c62556b4c4b79eeb9b0328b362bb8431b7b8afd3856/ruff-0.12.5-py3-none-manylinux_2_17_armv7l.manylinux2014_armv7l.whl", hash = "sha256:8b13489c3dc50de5e2d40110c0cce371e00186b880842e245186ca862bf9a1ac", size = 11626619, upload-time = "2025-07-24T13:26:06.118Z" },
    { url = "https://files.pythonhosted.org/packages/d8/c9/c2ccb3b8cbb5661ffda6925f81a13edbb786e623876141b04919d1128370/ruff-0.12.5-py3-none-manylinux_2_17_i686.manylinux2014_i686.whl", hash = "sha256:f1504fea81461cf4841778b3ef0a078757602a3b3ea4b008feb1308cb3f23e08", size = 13221894, upload-time = "2025-07-24T13:26:08.292Z" },
    { url = "https://files.pythonhosted.org/packages/6b/58/68a5be2c8e5590ecdad922b2bcd5583af19ba648f7648f95c51c3c1eca81/ruff-0.12.5-py3-none-manylinux_2_17_ppc64.manylinux2014_ppc64.whl", hash = "sha256:c7da4129016ae26c32dfcbd5b671fe652b5ab7fc40095d80dcff78175e7eddd4", size = 14163909, upload-time = "2025-07-24T13:26:10.474Z" },
    { url = "https://files.pythonhosted.org/packages/bd/d1/ef6b19622009ba8386fdb792c0743f709cf917b0b2f1400589cbe4739a33/ruff-0.12.5-py3-none-manylinux_2_17_ppc64le.manylinux2014_ppc64le.whl", hash = "sha256:ca972c80f7ebcfd8af75a0f18b17c42d9f1ef203d163669150453f50ca98ab7b", size = 13583652, upload-time = "2025-07-24T13:26:13.381Z" },
    { url = "https://files.pythonhosted.org/packages/62/e3/1c98c566fe6809a0c83751d825a03727f242cdbe0d142c9e292725585521/ruff-0.12.5-py3-none-manylinux_2_17_s390x.manylinux2014_s390x.whl", hash = "sha256:8dbbf9f25dfb501f4237ae7501d6364b76a01341c6f1b2cd6764fe449124bb2a", size = 12700451, upload-time = "2025-07-24T13:26:15.488Z" },
    { url = "https://files.pythonhosted.org/packages/24/ff/96058f6506aac0fbc0d0fc0d60b0d0bd746240a0594657a2d94ad28033ba/ruff-0.12.5-py3-none-manylinux_2_17_x86_64.manylinux2014_x86_64.whl", hash = "sha256:2c47dea6ae39421851685141ba9734767f960113d51e83fd7bb9958d5be8763a", size = 12937465, upload-time = "2025-07-24T13:26:17.808Z" },
    { url = "https://files.pythonhosted.org/packages/eb/d3/68bc5e7ab96c94b3589d1789f2dd6dd4b27b263310019529ac9be1e8f31b/ruff-0.12.5-py3-none-musllinux_1_2_aarch64.whl", hash = "sha256:c5076aa0e61e30f848846f0265c873c249d4b558105b221be1828f9f79903dc5", size = 11771136, upload-time = "2025-07-24T13:26:20.422Z" },
    { url = "https://files.pythonhosted.org/packages/52/75/7356af30a14584981cabfefcf6106dea98cec9a7af4acb5daaf4b114845f/ruff-0.12.5-py3-none-musllinux_1_2_armv7l.whl", hash = "sha256:a5a4c7830dadd3d8c39b1cc85386e2c1e62344f20766be6f173c22fb5f72f293", size = 11601644, upload-time = "2025-07-24T13:26:22.928Z" },
    { url = "https://files.pythonhosted.org/packages/c2/67/91c71d27205871737cae11025ee2b098f512104e26ffd8656fd93d0ada0a/ruff-0.12.5-py3-none-musllinux_1_2_i686.whl", hash = "sha256:46699f73c2b5b137b9dc0fc1a190b43e35b008b398c6066ea1350cce6326adcb", size = 12478068, upload-time = "2025-07-24T13:26:26.134Z" },
    { url = "https://files.pythonhosted.org/packages/34/04/b6b00383cf2f48e8e78e14eb258942fdf2a9bf0287fbf5cdd398b749193a/ruff-0.12.5-py3-none-musllinux_1_2_x86_64.whl", hash = "sha256:5a655a0a0d396f0f072faafc18ebd59adde8ca85fb848dc1b0d9f024b9c4d3bb", size = 12991537, upload-time = "2025-07-24T13:26:28.533Z" },
    { url = "https://files.pythonhosted.org/packages/3e/b9/053d6445dc7544fb6594785056d8ece61daae7214859ada4a152ad56b6e0/ruff-0.12.5-py3-none-win32.whl", hash = "sha256:dfeb2627c459b0b78ca2bbdc38dd11cc9a0a88bf91db982058b26ce41714ffa9", size = 11751575, upload-time = "2025-07-24T13:26:30.835Z" },
    { url = "https://files.pythonhosted.org/packages/bc/0f/ab16e8259493137598b9149734fec2e06fdeda9837e6f634f5c4e35916da/ruff-0.12.5-py3-none-win_amd64.whl", hash = "sha256:ae0d90cf5f49466c954991b9d8b953bd093c32c27608e409ae3564c63c5306a5", size = 12882273, upload-time = "2025-07-24T13:26:32.929Z" },
    { url = "https://files.pythonhosted.org/packages/00/db/c376b0661c24cf770cb8815268190668ec1330eba8374a126ceef8c72d55/ruff-0.12.5-py3-none-win_arm64.whl", hash = "sha256:48cdbfc633de2c5c37d9f090ba3b352d1576b0015bfc3bc98eaf230275b7e805", size = 11951564, upload-time = "2025-07-24T13:26:34.994Z" },
]

[[package]]
name = "ty"
version = "0.0.29"
source = { registry = "https://pypi.org/simple" }
sdist = { url = "https://files.pythonhosted.org/packages/47/d5/853561de49fae38c519e905b2d8da9c531219608f1fccc47a0fc2c896980/ty-0.0.29.tar.gz", hash = "sha256:e7936cca2f691eeda631876c92809688dbbab68687c3473f526cd83b6a9228d8", size = 5469221, upload-time = "2026-04-05T15:01:21.328Z" }
wheels = [
    { url = "https://files.pythonhosted.org/packages/03/b7/911f9962115acfa24e3b2ec9d4992dd994c38e8769e1b1d7680bb4d28a51/ty-0.0.29-py3-none-linux_armv6l.whl", hash = "sha256:b8a40955f7660d3eaceb0d964affc81b790c0765e7052921a5f861ff8a471c30", size = 10568206, upload-time = "2026-04-05T15:01:19.165Z" },
    { url = "https://files.pythonhosted.org/packages/fe/c3/fcae2167d4c77a97269f92f11d1b43b03617f81de1283d5d05b43432110c/ty-0.0.29-py3-none-macosx_10_12_x86_64.whl", hash = "sha256:6b6849adae15b00bbe2d3c5b078967dcb62eba37d38936b8eeb4c81a82d2e3b8", size = 10442530, upload-time = "2026-04-05T15:01:28.471Z" },
    { url = "https://files.pythonhosted.org/packages/97/33/5a6bfa240cfcb9c36046ae2459fa9ea23238d20130d8656ff5ac4d6c012a/ty-0.0.29-py3-none-macosx_11_0_arm64.whl", hash = "sha256:dcdd9b17209788152f7b7ea815eda07989152325052fe690013537cc7904ce49", size = 9915735, upload-time = "2026-04-05T15:01:10.365Z" },
    { url = "https://files.pythonhosted.org/packages/b3/1e/318f45fae232118e81a6306c30f50de42c509c412128d5bd231eab699ffb/ty-0.0.29-py3-none-manylinux_2_17_aarch64.manylinux2014_aarch64.whl", hash = "sha256:9d8ed4789bae78ffaf94462c0d25589a734cab0366b86f2bbcb1bb90e1a7a169", size = 10419748, upload-time = "2026-04-05T15:01:32.375Z" },
    { url = "https://files.pythonhosted.org/packages/a9/a8/5687872e2ab5a0f7dd4fd8456eac31e9381ad4dc74961f6f29965ad4dd91/ty-0.0.29-py3-none-manylinux_2_17_armv7l.manylinux2014_armv7l.whl", hash = "sha256:91ec374b8565e0ad0900011c24641ebbef2da51adbd4fb69ff3280c8a7eceb02", size = 10394738, upload-time = "2026-04-05T15:01:06.473Z" },
    { url = "https://files.pythonhosted.org/packages/de/68/015d118097eeb95e6a44c4abce4c0a28b7b9dfb3085b7f0ee48e4f099633/ty-0.0.29-py3-none-manylinux_2_17_i686.manylinux2014_i686.whl", hash = "sha256:298a8d5faa2502d3810bbbb47a030b9455495b9921594206043c785dd61548cf", size = 10910613, upload-time = "2026-04-05T15:01:17.17Z" },
    { url = "https://files.pythonhosted.org/packages/1c/01/47ce3c6c53e0670eadbe80756b167bf80ed6681d1ba57cfde2e8065a13d1/ty-0.0.29-py3-none-manylinux_2_17_ppc64le.manylinux2014_ppc64le.whl", hash = "sha256:3c8fba1a3524c6109d1e020d92301c79d41bf442fa8d335b9fa366239339cb70", size = 11475750, upload-time = "2026-04-05T15:01:30.461Z" },
    { url = "https://files.pythonhosted.org/packages/c4/cf/e361845b1081c9264ad5b7c963231bab03f2666865a9f2a115c4233f2137/ty-0.0.29-py3-none-manylinux_2_17_s390x.manylinux2014_s390x.whl", hash = "sha256:4c48adf88a70d264128c39ee922ed14a947817fced1e93c08c1a89c9244edcde", size = 11190055, upload-time = "2026-04-05T15:01:12.369Z" },
    { url = "https://files.pythonhosted.org/packages/79/12/0fb0857e9a62cb11586e9a712103877bbf717f5fb570d16634408cfdefee/ty-0.0.29-py3-none-manylinux_2_17_x86_64.manylinux2014_x86_64.whl", hash = "sha256:2ce0a7a0e96bc7b42518cd3a1a6a6298ef64ff40ca4614355c1aa807059b5c6f", size = 11020539, upload-time = "2026-04-05T15:01:37.022Z" },
    { url = "https://files.pythonhosted.org/packages/20/36/5a26753802083f80cd125db6c4348ad42b3c982ec36e718e0bf4c18f75e5/ty-0.0.29-py3-none-musllinux_1_2_aarch64.whl", hash = "sha256:a6ac86a05b4a3731d45365ab97780acc7b8146fa62fccb3cbe94fe6546c67a97", size = 10396399, upload-time = "2026-04-05T15:01:26.167Z" },
    { url = "https://files.pythonhosted.org/packages/00/e6/b4e75b5752239ab3ab400f19faef4dbef81d05aab5d3419fda0c062a3765/ty-0.0.29-py3-none-musllinux_1_2_armv7l.whl", hash = "sha256:6bbbf53141af0f3150bf288d716263f1a3550054e4b3551ca866d38192ba9891", size = 10421461, upload-time = "2026-04-05T15:01:08.367Z" },
    { url = "https://files.pythonhosted.org/packages/c0/21/1084b5b609f9abed62070ec0b31c283a403832a6310c8bbc208bd45ee1e6/ty-0.0.29-py3-none-musllinux_1_2_i686.whl", hash = "sha256:1c9e06b770c1d0ff5efc51e34312390db31d53fcf3088163f413030b42b74f84", size = 10599187, upload-time = "2026-04-05T15:01:23.52Z" },
    { url = "https://files.pythonhosted.org/packages/ab/a1/ce19a2ca717bbcc1ee11378aba52ef70b6ce5b87245162a729d9fdc2360f/ty-0.0.29-py3-none-musllinux_1_2_x86_64.whl", hash = "sha256:0307fe37e3f000ef1a4ae230bbaf511508a78d24a5e51b40902a21b09d5e6037", size = 11121198, upload-time = "2026-04-05T15:01:15.22Z" },
    { url = "https://files.pythonhosted.org/packages/6b/6b/f1430b279af704321566ce7ec2725d3d8258c2f815ebd93e474c64cd4543/ty-0.0.29-py3-none-win32.whl", hash = "sha256:7a2a898217960a825f8bc0087e1fdbaf379606175e98f9807187221d53a4a8ed", size = 9995331, upload-time = "2026-04-05T15:01:01.32Z" },
    { url = "https://files.pythonhosted.org/packages/d2/ef/3ef01c17785ff9a69378465c7d0faccd48a07b163554db0995e5d65a5a23/ty-0.0.29-py3-none-win_amd64.whl", hash = "sha256:fc1294200226b91615acbf34e0a9ad81caf98c081e9c6a912a31b0a7b603bc3f", size = 11023644, upload-time = "2026-04-05T15:01:04.432Z" },
    { url = "https://files.pythonhosted.org/packages/2c/55/87280a994d6a2d2647c65e12abbc997ed49835794366153c04c4d9304d76/ty-0.0.29-py3-none-win_arm64.whl", hash = "sha256:f9794bbd1bb3ce13f78c191d0c89ae4c63f52c12b6daa0c6fe220b90d019d12c", size = 10428165, upload-time = "2026-04-05T15:01:34.665Z" },
]
